
Microsoft Visual Studio Solution File, Format Version 12.00
# Visual Studio 15
VisualStudioVersion = 15.0.27004.2005
MinimumVisualStudioVersion = 10.0.40219.1
Project("{FAE04EC0-301F-11D3-BF4B-00C04F79EFBC}") = "ToursAPI", "ToursAPI\ToursAPI.csproj", "{D0B298C2-DD11-4BD0-AF5A-43364E7B1943}"
EndProject
Global
	GlobalSection(SolutionConfigurationPlatforms) = preSolution
		Debug|Any CPU = Debug|Any CPU
		Release|Any CPU = Release|Any CPU
	EndGlobalSection
	GlobalSection(ProjectConfigurationPlatforms) = postSolution
		{D0B298C2-DD11-4BD0-AF5A-43364E7B1943}.Debug|Any CPU.ActiveCfg = Debug|Any CPU
		{D0B298C2-DD11-4BD0-AF5A-43364E7B1943}.Debug|Any CPU.Build.0 = Debug|Any CPU
		{D0B298C2-DD11-4BD0-AF5A-43364E7B1943}.Release|Any CPU.ActiveCfg = Release|Any CPU
		{D0B298C2-DD11-4BD0-AF5A-43364E7B1943}.Release|Any CPU.Build.0 = Release|Any CPU
	EndGlobalSection
	GlobalSection(SolutionProperties) = preSolution
		HideSolutionNode = FALSE
	EndGlobalSection
	GlobalSection(ExtensibilityGlobals) = postSolution
		SolutionGuid = {EAD03ABC-D495-4884-9DE0-2BC2935F16E9}
	EndGlobalSection
EndGlobal
